dependencies:
- name: postgresql
  repository: https://kubernetes-charts.storage.googleapis.com/
  version: 0.9.3
- name: alfresco-search
  repository: https://raw.githubusercontent.com/3slab/helm-charts/master/repo
  version: 1.0.3
- name: alfresco-infrastructure
  repository: https://raw.githubusercontent.com/3slab/helm-charts/master/repo
  version: 4.1.1
digest: sha256:8d72d9d712ba6d924b587398bce60ccd6e5437c01a1d984b16d17f1e4719804f
generated: "2020-09-11T17:09:21.466958208+02:00"
